
Microsoft Visual Studio Solution File, Format Version 12.00
# Visual Studio Version 17
VisualStudioVersion = 17.4.33205.214
MinimumVisualStudioVersion = 10.0.40219.1
Project("{9A19103F-16F7-4668-BE54-9A1E7A4F7556}") = "TestcontainersMySqlSample", "TestcontainersMySqlSample\TestcontainersMySqlSample.csproj", "{8372B09C-A0CB-4D54-94EF-84ED0BA38142}"
EndProject
Project("{9A19103F-16F7-4668-BE54-9A1E7A4F7556}") = "TestcontainersMySqlSample.IntegrationTests", "TestcontainersMySqlSample.IntegrationTests\TestcontainersMySqlSample.IntegrationTests.csproj", "{97ABF076-C824-496D-A031-8EF990AC435B}"
EndProject
Global
	GlobalSection(SolutionConfigurationPlatforms) = preSolution
		Debug|Any CPU = Debug|Any CPU
		Release|Any CPU = Release|Any CPU
	EndGlobalSection
	GlobalSection(ProjectConfigurationPlatforms) = postSolution
		{8372B09C-A0CB-4D54-94EF-84ED0BA38142}.Debug|Any CPU.ActiveCfg = Debug|Any CPU
		{8372B09C-A0CB-4D54-94EF-84ED0BA38142}.Debug|Any CPU.Build.0 = Debug|Any CPU
		{8372B09C-A0CB-4D54-94EF-84ED0BA38142}.Release|Any CPU.ActiveCfg = Release|Any CPU
		{8372B09C-A0CB-4D54-94EF-84ED0BA38142}.Release|Any CPU.Build.0 = Release|Any CPU
		{97ABF076-C824-496D-A031-8EF990AC435B}.Debug|Any CPU.ActiveCfg = Debug|Any CPU
		{97ABF076-C824-496D-A031-8EF990AC435B}.Debug|Any CPU.Build.0 = Debug|Any CPU
		{97ABF076-C824-496D-A031-8EF990AC435B}.Release|Any CPU.ActiveCfg = Release|Any CPU
		{97ABF076-C824-496D-A031-8EF990AC435B}.Release|Any CPU.Build.0 = Release|Any CPU
	EndGlobalSection
	GlobalSection(SolutionProperties) = preSolution
		HideSolutionNode = FALSE
	EndGlobalSection
	GlobalSection(ExtensibilityGlobals) = postSolution
		SolutionGuid = {0878261A-7B6B-45DA-9E04-D08CEFDE582F}
	EndGlobalSection
EndGlobal
